github.com/gokarna-theme/gokarna-hugo v0.0.0-20241124174926-09992f3c436a h1:NS6N22hDk5NuapKY6ncqTsInlcT+FD0lEOZt57vnaEo=
github.com/gokarna-theme/gokarna-hugo v0.0.0-20241124174926-09992f3c436a/go.mod h1:iCdf843+ufY8d6/PghnrvxrmNDv6JCT2lMPa2b/xlis=
github.com/gokarna-theme/gokarna-hugo v0.0.0-20250105165235-83480ceb2a7a h1:QdSLtbUi35kdsK6QP4GnCaNahEPqixL0eFhODwPylNU=
github.com/gokarna-theme/gokarna-hugo v0.0.0-20250105165235-83480ceb2a7a/go.mod h1:iCdf843+ufY8d6/PghnrvxrmNDv6JCT2lMPa2b/xlis=
github.com/gokarna-theme/gokarna-hugo v0.0.0-20250116045652-6cef8f6e1de6 h1:gU1sPOtFsxlKt12HT9vNEhEeBJuV2174IH2n3YeJ0cY=
github.com/gokarna-theme/gokarna-hugo v0.0.0-20250116045652-6cef8f6e1de6/go.mod h1:iCdf843+ufY8d6/PghnrvxrmNDv6JCT2lMPa2b/xlis=
